// !$*UTF8*$!
{
	archiveVersion = 1;
	classes = {
	};
	objectVersion = 56;
	objects = {

/* Begin PBXBuildFile section */
		E5D6334A2C3CF6F600B11D05 /* CrowdAvoidanceAppApp.swift in Sources */ = {isa = PBXBuildFile; fileRef = E5D633492C3CF6F600B11D05 /* CrowdAvoidanceAppApp.swift */; };
		E5D6334C2C3CF6F600B11D05 /* ContentView.swift in Sources */ = {isa = PBXBuildFile; fileRef = E5D6334B2C3CF6F600B11D05 /* ContentView.swift */; };
		E5D6334E2C3CF6FB00B11D05 /* Assets.xcassets in Resources */ = {isa = PBXBuildFile; fileRef = E5D6334D2C3CF6FB00B11D05 /* Assets.xcassets */; };
		E5D633522C3CF6FB00B11D05 /* Preview Assets.xcassets in Resources */ = {isa = PBXBuildFile; fileRef = E5D633512C3CF6FB00B11D05 /* Preview Assets.xcassets */; };
		E5D6335C2C3CF6FD00B11D05 /* CrowdAvoidanceAppTests.swift in Sources */ = {isa = PBXBuildFile; fileRef = E5D6335B2C3CF6FD00B11D05 /* CrowdAvoidanceAppTests.swift */; };
		E5D633662C3CF6FD00B11D05 /* CrowdAvoidanceAppUITests.swift in Sources */ = {isa = PBXBuildFile; fileRef = E5D633652C3CF6FD00B11D05 /* CrowdAvoidanceAppUITests.swift */; };
		E5D633682C3CF6FD00B11D05 /* CrowdAvoidanceAppUITestsLaunchTests.swift in Sources */ = {isa = PBXBuildFile; fileRef = E5D633672C3CF6FD00B11D05 /* CrowdAvoidanceAppUITestsLaunchTests.swift */; };
/* End PBXBuildFile section */

/* Begin PBXContainerItemProxy section */
		E5D633582C3CF6FD00B11D05 /* PBXContainerItemProxy */ = {
			isa = PBXContainerItemProxy;
			containerPortal = E5D6333E2C3CF6F600B11D05 /* Project object */;
			proxyType = 1;
			remoteGlobalIDString = E5D633452C3CF6F600B11D05;
			remoteInfo = CrowdAvoidanceApp;
		};
		E5D633622C3CF6FD00B11D05 /* PBXContainerItemProxy */ = {
			isa = PBXContainerItemProxy;
			containerPortal = E5D6333E2C3CF6F600B11D05 /* Project object */;
			proxyType = 1;
			remoteGlobalIDString = E5D633452C3CF6F600B11D05;
			remoteInfo = CrowdAvoidanceApp;
		};
/* End PBXContainerItemProxy section */

/* Begin PBXFileReference section */
		E5D633462C3CF6F600B11D05 /* CrowdAvoidanceApp.app */ = {isa = PBXFileReference; explicitFileType = wrapper.application; includeInIndex = 0; path = CrowdAvoidanceApp.app; sourceTree = BUILT_PRODUCTS_DIR; };
		E5D633492C3CF6F600B11D05 /* CrowdAvoidanceAppApp.swift */ = {isa = PBXFileReference; lastKnownFileType = sourcecode.swift; path = CrowdAvoidanceAppApp.swift; sourceTree = "<group>"; };
		E5D6334B2C3CF6F600B11D05 /* ContentView.swift */ = {isa = PBXFileReference; lastKnownFileType = sourcecode.swift; path = ContentView.swift; sourceTree = "<group>"; };
		E5D6334D2C3CF6FB00B11D05 /* Assets.xcassets */ = {isa = PBXFileReference; lastKnownFileType = folder.assetcatalog; path = Assets.xcassets; sourceTree = "<group>"; };
		E5D6334F2C3CF6FB00B11D05 /* CrowdAvoidanceApp.entitlements */ = {isa = PBXFileReference; lastKnownFileType = text.plist.entitlements; path = CrowdAvoidanceApp.entitlements; sourceTree = "<group>"; };
		E5D633512C3CF6FB00B11D05 /* Preview Assets.xcassets */ = {isa = PBXFileReference; lastKnownFileType = folder.assetcatalog; path = "Preview Assets.xcassets"; sourceTree = "<group>"; };
		E5D633572C3CF6FD00B11D05 /* CrowdAvoidanceAppTests.xctest */ = {isa = PBXFileReference; explicitFileType = wrapper.cfbundle; includeInIndex = 0; path = CrowdAvoidanceAppTests.xctest; sourceTree = BUILT_PRODUCTS_DIR; };
		E5D6335B2C3CF6FD00B11D05 /* CrowdAvoidanceAppTests.swift */ = {isa = PBXFileReference; lastKnownFileType = sourcecode.swift; path = CrowdAvoidanceAppTests.swift; sourceTree = "<group>"; };
		E5D633612C3CF6FD00B11D05 /* CrowdAvoidanceAppUITests.xctest */ = {isa = PBXFileReference; explicitFileType = wrapper.cfbundle; includeInIndex = 0; path = CrowdAvoidanceAppUITests.xctest; sourceTree = BUILT_PRODUCTS_DIR; };
		E5D633652C3CF6FD00B11D05 /* CrowdAvoidanceAppUITests.swift */ = {isa = PBXFileReference; lastKnownFileType = sourcecode.swift; path = CrowdAvoidanceAppUITests.swift; sourceTree = "<group>"; };
		E5D633672C3CF6FD00B11D05 /* CrowdAvoidanceAppUITestsLaunchTests.swift */ = {isa = PBXFileReference; lastKnownFileType = sourcecode.swift; path = CrowdAvoidanceAppUITestsLaunchTests.swift; sourceTree = "<group>"; };
/* End PBXFileReference section */

/* Begin PBXFrameworksBuildPhase section */
		E5D633432C3CF6F600B11D05 /* Frameworks */ = {
			isa = PBXFrameworksBuildPhase;
			buildActionMask = 2147483647;
			files = (
			);
			runOnlyForDeploymentPostprocessing = 0;
		};
		E5D633542C3CF6FD00B11D05 /* Frameworks */ = {
			isa = PBXFrameworksBuildPhase;
			buildActionMask = 2147483647;
			files = (
			);
			runOnlyForDeploymentPostprocessing = 0;
		};
		E5D6335E2C3CF6FD00B11D05 /* Frameworks */ = {
			isa = PBXFrameworksBuildPhase;
			buildActionMask = 2147483647;
			files = (
			);
			runOnlyForDeploymentPostprocessing = 0;
		};
/* End PBXFrameworksBuildPhase section */

/* Begin PBXGroup section */
		E5D6333D2C3CF6F600B11D05 = {
			isa = PBXGroup;
			children = (
				E5D633482C3CF6F600B11D05 /* CrowdAvoidanceApp */,
				E5D6335A2C3CF6FD00B11D05 /* CrowdAvoidanceAppTests */,
				E5D633642C3CF6FD00B11D05 /* CrowdAvoidanceAppUITests */,
				E5D633472C3CF6F600B11D05 /* Products */,
			);
			sourceTree = "<group>";
		};
		E5D633472C3CF6F600B11D05 /* Products */ = {
			isa = PBXGroup;
			children = (
				E5D633462C3CF6F600B11D05 /* CrowdAvoidanceApp.app */,
				E5D633572C3CF6FD00B11D05 /* CrowdAvoidanceAppTests.xctest */,
				E5D633612C3CF6FD00B11D05 /* CrowdAvoidanceAppUITests.xctest */,
			);
			name = Products;
			sourceTree = "<group>";
		};
		E5D633482C3CF6F600B11D05 /* CrowdAvoidanceApp */ = {
			isa = PBXGroup;
			children = (
				E5D633492C3CF6F600B11D05 /* CrowdAvoidanceAppApp.swift */,
				E5D6334B2C3CF6F600B11D05 /* ContentView.swift */,
				E5D6334D2C3CF6FB00B11D05 /* Assets.xcassets */,
				E5D6334F2C3CF6FB00B11D05 /* CrowdAvoidanceApp.entitlements */,
				E5D633502C3CF6FB00B11D05 /* Preview Content */,
			);
			path = CrowdAvoidanceApp;
			sourceTree = "<group>";
		};
		E5D633502C3CF6FB00B11D05 /* Preview Content */ = {
			isa = PBXGroup;
			children = (
				E5D633512C3CF6FB00B11D05 /* Preview Assets.xcassets */,
			);
			path = "Preview Content";
			sourceTree = "<group>";
		};
		E5D6335A2C3CF6FD00B11D05 /* CrowdAvoidanceAppTests */ = {
			isa = PBXGroup;
			children = (
				E5D6335B2C3CF6FD00B11D05 /* CrowdAvoidanceAppTests.swift */,
			);
			path = CrowdAvoidanceAppTests;
			sourceTree = "<group>";
		};
		E5D633642C3CF6FD00B11D05 /* CrowdAvoidanceAppUITests */ = {
			isa = PBXGroup;
			children = (
				E5D633652C3CF6FD00B11D05 /* CrowdAvoidanceAppUITests.swift */,
				E5D633672C3CF6FD00B11D05 /* CrowdAvoidanceAppUITestsLaunchTests.swift */,
			);
			path = CrowdAvoidanceAppUITests;
			sourceTree = "<group>";
		};
/* End PBXGroup section */

/* Begin PBXNativeTarget section */
		E5D633452C3CF6F600B11D05 /* CrowdAvoidanceApp */ = {
			isa = PBXNativeTarget;
			buildConfigurationList = E5D6336B2C3CF6FD00B11D05 /* Build configuration list for PBXNativeTarget "CrowdAvoidanceApp" */;
			buildPhases = (
				E5D633422C3CF6F600B11D05 /* Sources */,
				E5D633432C3CF6F600B11D05 /* Frameworks */,
				E5D633442C3CF6F600B11D05 /* Resources */,
			);
			buildRules = (
			);
			dependencies = (
			);
			name = CrowdAvoidanceApp;
			productName = CrowdAvoidanceApp;
			productReference = E5D633462C3CF6F600B11D05 /* CrowdAvoidanceApp.app */;
			productType = "com.apple.product-type.application";
		};
		E5D633562C3CF6FD00B11D05 /* CrowdAvoidanceAppTests */ = {
			isa = PBXNativeTarget;
			buildConfigurationList = E5D6336E2C3CF6FD00B11D05 /* Build configuration list for PBXNativeTarget "CrowdAvoidanceAppTests" */;
			buildPhases = (
				E5D633532C3CF6FD00B11D05 /* Sources */,
				E5D633542C3CF6FD00B11D05 /* Frameworks */,
				E5D633552C3CF6FD00B11D05 /* Resources */,
			);
			buildRules = (
			);
			dependencies = (
				E5D633592C3CF6FD00B11D05 /* PBXTargetDependency */,
			);
			name = CrowdAvoidanceAppTests;
			productName = CrowdAvoidanceAppTests;
			productReference = E5D633572C3CF6FD00B11D05 /* CrowdAvoidanceAppTests.xctest */;
			productType = "com.apple.product-type.bundle.unit-test";
		};
		E5D633602C3CF6FD00B11D05 /* CrowdAvoidanceAppUITests */ = {
			isa = PBXNativeTarget;
			buildConfigurationList = E5D633712C3CF6FD00B11D05 /* Build configuration list for PBXNativeTarget "CrowdAvoidanceAppUITests" */;
			buildPhases = (
				E5D6335D2C3CF6FD00B11D05 /* Sources */,
				E5D6335E2C3CF6FD00B11D05 /* Frameworks */,
				E5D6335F2C3CF6FD00B11D05 /* Resources */,
			);
			buildRules = (
			);
			dependencies = (
				E5D633632C3CF6FD00B11D05 /* PBXTargetDependency */,
			);
			name = CrowdAvoidanceAppUITests;
			productName = CrowdAvoidanceAppUITests;
			productReference = E5D633612C3CF6FD00B11D05 /* CrowdAvoidanceAppUITests.xctest */;
			productType = "com.apple.product-type.bundle.ui-testing";
		};
/* End PBXNativeTarget section */

/* Begin PBXProject section */
		E5D6333E2C3CF6F600B11D05 /* Project object */ = {
			isa = PBXProject;
			attributes = {
				BuildIndependentTargetsInParallel = 1;
				LastSwiftUpdateCheck = 1530;
				LastUpgradeCheck = 1530;
				TargetAttributes = {
					E5D633452C3CF6F600B11D05 = {
						CreatedOnToolsVersion = 15.3;
					};
					E5D633562C3CF6FD00B11D05 = {
						CreatedOnToolsVersion = 15.3;
						TestTargetID = E5D633452C3CF6F600B11D05;
					};
					E5D633602C3CF6FD00B11D05 = {
						CreatedOnToolsVersion = 15.3;
						TestTargetID = E5D633452C3CF6F600B11D05;
					};
				};
			};
			buildConfigurationList = E5D633412C3CF6F600B11D05 /* Build configuration list for PBXProject "CrowdAvoidanceApp" */;
			compatibilityVersion = "Xcode 14.0";
			developmentRegion = en;
			hasScannedForEncodings = 0;
			knownRegions = (
				en,
				Base,
			);
			mainGroup = E5D6333D2C3CF6F600B11D05;
			productRefGroup = E5D633472C3CF6F600B11D05 /* Products */;
			projectDirPath = "";
			projectRoot = "";
			targets = (
				E5D633452C3CF6F600B11D05 /* CrowdAvoidanceApp */,
				E5D633562C3CF6FD00B11D05 /* CrowdAvoidanceAppTests */,
				E5D633602C3CF6FD00B11D05 /* CrowdAvoidanceAppUITests */,
			);
		};
/* End PBXProject section */

/* Begin PBXResourcesBuildPhase section */
		E5D633442C3CF6F600B11D05 /* Resources */ = {
			isa = PBXResourcesBuildPhase;
			buildActionMask = 2147483647;
			files = (
				E5D633522C3CF6FB00B11D05 /* Preview Assets.xcassets in Resources */,
				E5D6334E2C3CF6FB00B11D05 /* Assets.xcassets in Resources */,
			);
			runOnlyForDeploymentPostprocessing = 0;
		};
		E5D633552C3CF6FD00B11D05 /* Resources */ = {
			isa = PBXResourcesBuildPhase;
			buildActionMask = 2147483647;
			files = (
			);
			runOnlyForDeploymentPostprocessing = 0;
		};
		E5D6335F2C3CF6FD00B11D05 /* Resources */ = {
			isa = PBXResourcesBuildPhase;
			buildActionMask = 2147483647;
			files = (
			);
			runOnlyForDeploymentPostprocessing = 0;
		};
/* End PBXResourcesBuildPhase section */

/* Begin PBXSourcesBuildPhase section */
		E5D633422C3CF6F600B11D05 /* Sources */ = {
			isa = PBXSourcesBuildPhase;
			buildActionMask = 2147483647;
			files = (
				E5D6334C2C3CF6F600B11D05 /* ContentView.swift in Sources */,
				E5D6334A2C3CF6F600B11D05 /* CrowdAvoidanceAppApp.swift in Sources */,
			);
			runOnlyForDeploymentPostprocessing = 0;
		};
		E5D633532C3CF6FD00B11D05 /* Sources */ = {
			isa = PBXSourcesBuildPhase;
			buildActionMask = 2147483647;
			files = (
				E5D6335C2C3CF6FD00B11D05 /* CrowdAvoidanceAppTests.swift in Sources */,
			);
			runOnlyForDeploymentPostprocessing = 0;
		};
		E5D6335D2C3CF6FD00B11D05 /* Sources */ = {
			isa = PBXSourcesBuildPhase;
			buildActionMask = 2147483647;
			files = (
				E5D633662C3CF6FD00B11D05 /* CrowdAvoidanceAppUITests.swift in Sources */,
				E5D633682C3CF6FD00B11D05 /* CrowdAvoidanceAppUITestsLaunchTests.swift in Sources */,
			);
			runOnlyForDeploymentPostprocessing = 0;
		};
/* End PBXSourcesBuildPhase section */

/* Begin PBXTargetDependency section */
		E5D633592C3CF6FD00B11D05 /* PBXTargetDependency */ = {
			isa = PBXTargetDependency;
			target = E5D633452C3CF6F600B11D05 /* CrowdAvoidanceApp */;
			targetProxy = E5D633582C3CF6FD00B11D05 /* PBXContainerItemProxy */;
		};
		E5D633632C3CF6FD00B11D05 /* PBXTargetDependency */ = {
			isa = PBXTargetDependency;
			target = E5D633452C3CF6F600B11D05 /* CrowdAvoidanceApp */;
			targetProxy = E5D633622C3CF6FD00B11D05 /* PBXContainerItemProxy */;
		};
/* End PBXTargetDependency section */

/* Begin XCBuildConfiguration section */
		E5D633692C3CF6FD00B11D05 /* Debug */ = {
			isa = XCBuildConfiguration;
			buildSettings = {
				ALWAYS_SEARCH_USER_PATHS = NO;
				ASSETCATALOG_COMPILER_GENERATE_SWIFT_ASSET_SYMBOL_EXTENSIONS = YES;
				CLANG_ANALYZER_NONNULL = YES;
				CLANG_ANALYZER_NUMBER_OBJECT_CONVERSION = YES_AGGRESSIVE;
				CLANG_CXX_LANGUAGE_STANDARD = "gnu++20";
				CLANG_ENABLE_MODULES = YES;
				CLANG_ENABLE_OBJC_ARC = YES;
				CLANG_ENABLE_OBJC_WEAK = YES;
				CLANG_WARN_BLOCK_CAPTURE_AUTORELEASING = YES;
				CLANG_WARN_BOOL_CONVERSION = YES;
				CLANG_WARN_COMMA = YES;
				CLANG_WARN_CONSTANT_CONVERSION = YES;
				CLANG_WARN_DEPRECATED_OBJC_IMPLEMENTATIONS = YES;
				CLANG_WARN_DIRECT_OBJC_ISA_USAGE = YES_ERROR;
				CLANG_WARN_DOCUMENTATION_COMMENTS = YES;
				CLANG_WARN_EMPTY_BODY = YES;
				CLANG_WARN_ENUM_CONVERSION = YES;
				CLANG_WARN_INFINITE_RECURSION = YES;
				CLANG_WARN_INT_CONVERSION = YES;
				CLANG_WARN_NON_LITERAL_NULL_CONVERSION = YES;
				CLANG_WARN_OBJC_IMPLICIT_RETAIN_SELF = YES;
				CLANG_WARN_OBJC_LITERAL_CONVERSION = YES;
				CLANG_WARN_OBJC_ROOT_CLASS = YES_ERROR;
				CLANG_WARN_QUOTED_INCLUDE_IN_FRAMEWORK_HEADER = YES;
				CLANG_WARN_RANGE_LOOP_ANALYSIS = YES;
				CLANG_WARN_STRICT_PROTOTYPES = YES;
				CLANG_WARN_SUSPICIOUS_MOVE = YES;
				CLANG_WARN_UNGUARDED_AVAILABILITY = YES_AGGRESSIVE;
				CLANG_WARN_UNREACHABLE_CODE = YES;
				CLANG_WARN__DUPLICATE_METHOD_MATCH = YES;
				COPY_PHASE_STRIP = NO;
				DEBUG_INFORMATION_FORMAT = dwarf;
				ENABLE_STRICT_OBJC_MSGSEND = YES;
				ENABLE_TESTABILITY = YES;
				ENABLE_USER_SCRIPT_SANDBOXING = YES;
				GCC_C_LANGUAGE_STANDARD = gnu17;
				GCC_DYNAMIC_NO_PIC = NO;
				GCC_NO_COMMON_BLOCKS = YES;
				GCC_OPTIMIZATION_LEVEL = 0;
				GCC_PREPROCESSOR_DEFINITIONS = (
					"DEBUG=1",
					"$(inherited)",
				);
				GCC_WARN_64_TO_32_BIT_CONVERSION = YES;
				GCC_WARN_ABOUT_RETURN_TYPE = YES_ERROR;
				GCC_WARN_UNDECLARED_SELECTOR = YES;
				GCC_WARN_UNINITIALIZED_AUTOS = YES_AGGRESSIVE;
				GCC_WARN_UNUSED_FUNCTION = YES;
				GCC_WARN_UNUSED_VARIABLE = YES;
				LOCALIZATION_PREFERS_STRING_CATALOGS = YES;
				MTL_ENABLE_DEBUG_INFO = INCLUDE_SOURCE;
				MTL_FAST_MATH = YES;
				ONLY_ACTIVE_ARCH = YES;
				SWIFT_ACTIVE_COMPILATION_CONDITIONS = "DEBUG $(inherited)";
				SWIFT_OPTIMIZATION_LEVEL = "-Onone";
			};
			name = Debug;
		};
		E5D6336A2C3CF6FD00B11D05 /* Release */ = {
			isa = XCBuildConfiguration;
			buildSettings = {
				ALWAYS_SEARCH_USER_PATHS = NO;
				ASSETCATALOG_COMPILER_GENERATE_SWIFT_ASSET_SYMBOL_EXTENSIONS = YES;
				CLANG_ANALYZER_NONNULL = YES;
				CLANG_ANALYZER_NUMBER_OBJECT_CONVERSION = YES_AGGRESSIVE;
				CLANG_CXX_LANGUAGE_STANDARD = "gnu++20";
				CLANG_ENABLE_MODULES = YES;
				CLANG_ENABLE_OBJC_ARC = YES;
				CLANG_ENABLE_OBJC_WEAK = YES;
				CLANG_WARN_BLOCK_CAPTURE_AUTORELEASING = YES;
				CLANG_WARN_BOOL_CONVERSION = YES;
				CLANG_WARN_COMMA = YES;
				CLANG_WARN_CONSTANT_CONVERSION = YES;
				CLANG_WARN_DEPRECATED_OBJC_IMPLEMENTATIONS = YES;
				CLANG_WARN_DIRECT_OBJC_ISA_USAGE = YES_ERROR;
				CLANG_WARN_DOCUMENTATION_COMMENTS = YES;
				CLANG_WARN_EMPTY_BODY = YES;
				CLANG_WARN_ENUM_CONVERSION = YES;
				CLANG_WARN_INFINITE_RECURSION = YES;
				CLANG_WARN_INT_CONVERSION = YES;
				CLANG_WARN_NON_LITERAL_NULL_CONVERSION = YES;
				CLANG_WARN_OBJC_IMPLICIT_RETAIN_SELF = YES;
				CLANG_WARN_OBJC_LITERAL_CONVERSION = YES;
				CLANG_WARN_OBJC_ROOT_CLASS = YES_ERROR;
				CLANG_WARN_QUOTED_INCLUDE_IN_FRAMEWORK_HEADER = YES;
				CLANG_WARN_RANGE_LOOP_ANALYSIS = YES;
				CLANG_WARN_STRICT_PROTOTYPES = YES;
				CLANG_WARN_SUSPICIOUS_MOVE = YES;
				CLANG_WARN_UNGUARDED_AVAILABILITY = YES_AGGRESSIVE;
				CLANG_WARN_UNREACHABLE_CODE = YES;
				CLANG_WARN__DUPLICATE_METHOD_MATCH = YES;
				COPY_PHASE_STRIP = NO;
				DEBUG_INFORMATION_FORMAT = "dwarf-with-dsym";
				ENABLE_NS_ASSERTIONS = NO;
				ENABLE_STRICT_OBJC_MSGSEND = YES;
				ENABLE_USER_SCRIPT_SANDBOXING = YES;
				GCC_C_LANGUAGE_STANDARD = gnu17;
				GCC_NO_COMMON_BLOCKS = YES;
				GCC_WARN_64_TO_32_BIT_CONVERSION = YES;
				GCC_WARN_ABOUT_RETURN_TYPE = YES_ERROR;
				GCC_WARN_UNDECLARED_SELECTOR = YES;
				GCC_WARN_UNINITIALIZED_AUTOS = YES_AGGRESSIVE;
				GCC_WARN_UNUSED_FUNCTION = YES;
				GCC_WARN_UNUSED_VARIABLE = YES;
				LOCALIZATION_PREFERS_STRING_CATALOGS = YES;
				MTL_ENABLE_DEBUG_INFO = NO;
				MTL_FAST_MATH = YES;
				SWIFT_COMPILATION_MODE = wholemodule;
			};
			name = Release;
		};
		E5D6336C2C3CF6FD00B11D05 /* Debug */ = {
			isa = XCBuildConfiguration;
			buildSettings = {
				ASSETCATALOG_COMPILER_APPICON_NAME = AppIcon;
				ASSETCATALOG_COMPILER_GLOBAL_ACCENT_COLOR_NAME = AccentColor;
				CODE_SIGN_ENTITLEMENTS = CrowdAvoidanceApp/CrowdAvoidanceApp.entitlements;
				CODE_SIGN_STYLE = Automatic;
				CURRENT_PROJECT_VERSION = 1;
				DEVELOPMENT_ASSET_PATHS = "\"CrowdAvoidanceApp/Preview Content\"";
				ENABLE_PREVIEWS = YES;
				GENERATE_INFOPLIST_FILE = YES;
				"INFOPLIST_KEY_UIApplicationSceneManifest_Generation[sdk=iphoneos*]" = YES;
				"INFOPLIST_KEY_UIApplicationSceneManifest_Generation[sdk=iphonesimulator*]" = YES;
				"INFOPLIST_KEY_UIApplicationSupportsIndirectInputEvents[sdk=iphoneos*]" = YES;
				"INFOPLIST_KEY_UIApplicationSupportsIndirectInputEvents[sdk=iphonesimulator*]" = YES;
				"INFOPLIST_KEY_UILaunchScreen_Generation[sdk=iphoneos*]" = YES;
				"INFOPLIST_KEY_UILaunchScreen_Generation[sdk=iphonesimulator*]" = YES;
				"INFOPLIST_KEY_UIStatusBarStyle[sdk=iphoneos*]" = UIStatusBarStyleDefault;
				"INFOPLIST_KEY_UIStatusBarStyle[sdk=iphonesimulator*]" = UIStatusBarStyleDefault;
				INFOPLIST_KEY_UISupportedInterfaceOrientations_iPad = "UIInterfaceOrientationPortrait UIInterfaceOrientationPortraitUpsideDown UIInterfaceOrientationLandscapeLeft UIInterfaceOrientationLandscapeRight";
				INFOPLIST_KEY_UISupportedInterfaceOrientations_iPhone = "UIInterfaceOrientationPortrait UIInterfaceOrientationLandscapeLeft UIInterfaceOrientationLandscapeRight";
				IPHONEOS_DEPLOYMENT_TARGET = 17.4;
				LD_RUNPATH_SEARCH_PATHS = "@executable_path/Frameworks";
				"LD_RUNPATH_SEARCH_PATHS[sdk=macosx*]" = "@executable_path/../Frameworks";
				MACOSX_DEPLOYMENT_TARGET = 14.4;
				MARKETING_VERSION = 1.0;
				PRODUCT_BUNDLE_IDENTIFIER = internal.group8.CrowdAvoidanceApp;
				PRODUCT_NAME = "$(TARGET_NAME)";
				SDKROOT = auto;
				SUPPORTED_PLATFORMS = "iphoneos iphonesimulator macosx";
				SWIFT_EMIT_LOC_STRINGS = YES;
				SWIFT_VERSION = 5.0;
				TARGETED_DEVICE_FAMILY = "1,2";
			};
			name = Debug;
		};
		E5D6336D2C3CF6FD00B11D05 /* Release */ = {
			isa = XCBuildConfiguration;
			buildSettings = {
				ASSETCATALOG_COMPILER_APPICON_NAME = AppIcon;
				ASSETCATALOG_COMPILER_GLOBAL_ACCENT_COLOR_NAME = AccentColor;
				CODE_SIGN_ENTITLEMENTS = CrowdAvoidanceApp/CrowdAvoidanceApp.entitlements;
				CODE_SIGN_STYLE = Automatic;
				CURRENT_PROJECT_VERSION = 1;
				DEVELOPMENT_ASSET_PATHS = "\"CrowdAvoidanceApp/Preview Content\"";
				ENABLE_PREVIEWS = YES;
				GENERATE_INFOPLIST_FILE = YES;
				"INFOPLIST_KEY_UIApplicationSceneManifest_Generation[sdk=iphoneos*]" = YES;
				"INFOPLIST_KEY_UIApplicationSceneManifest_Generation[sdk=iphonesimulator*]" = YES;
				"INFOPLIST_KEY_UIApplicationSupportsIndirectInputEvents[sdk=iphoneos*]" = YES;
				"INFOPLIST_KEY_UIApplicationSupportsIndirectInputEvents[sdk=iphonesimulator*]" = YES;
				"INFOPLIST_KEY_UILaunchScreen_Generation[sdk=iphoneos*]" = YES;
				"INFOPLIST_KEY_UILaunchScreen_Generation[sdk=iphonesimulator*]" = YES;
				"INFOPLIST_KEY_UIStatusBarStyle[sdk=iphoneos*]" = UIStatusBarStyleDefault;
				"INFOPLIST_KEY_UIStatusBarStyle[sdk=iphonesimulator*]" = UIStatusBarStyleDefault;
				INFOPLIST_KEY_UISupportedInterfaceOrientations_iPad = "UIInterfaceOrientationPortrait UIInterfaceOrientationPortraitUpsideDown UIInterfaceOrientationLandscapeLeft UIInterfaceOrientationLandscapeRight";
				INFOPLIST_KEY_UISupportedInterfaceOrientations_iPhone = "UIInterfaceOrientationPortrait UIInterfaceOrientationLandscapeLeft UIInterfaceOrientationLandscapeRight";
				IPHONEOS_DEPLOYMENT_TARGET = 17.4;
				LD_RUNPATH_SEARCH_PATHS = "@executable_path/Frameworks";
				"LD_RUNPATH_SEARCH_PATHS[sdk=macosx*]" = "@executable_path/../Frameworks";
				MACOSX_DEPLOYMENT_TARGET = 14.4;
				MARKETING_VERSION = 1.0;
				PRODUCT_BUNDLE_IDENTIFIER = internal.group8.CrowdAvoidanceApp;
				PRODUCT_NAME = "$(TARGET_NAME)";
				SDKROOT = auto;
				SUPPORTED_PLATFORMS = "iphoneos iphonesimulator macosx";
				SWIFT_EMIT_LOC_STRINGS = YES;
				SWIFT_VERSION = 5.0;
				TARGETED_DEVICE_FAMILY = "1,2";
			};
			name = Release;
		};
		E5D6336F2C3CF6FD00B11D05 /* Debug */ = {
			isa = XCBuildConfiguration;
			buildSettings = {
				ALWAYS_EMBED_SWIFT_STANDARD_LIBRARIES = YES;
				BUNDLE_LOADER = "$(TEST_HOST)";
				CODE_SIGN_STYLE = Automatic;
				CURRENT_PROJECT_VERSION = 1;
				GENERATE_INFOPLIST_FILE = YES;
				IPHONEOS_DEPLOYMENT_TARGET = 17.4;
				MACOSX_DEPLOYMENT_TARGET = 14.4;
				MARKETING_VERSION = 1.0;
				PRODUCT_BUNDLE_IDENTIFIER = internal.group8.CrowdAvoidanceAppTests;
				PRODUCT_NAME = "$(TARGET_NAME)";
				SDKROOT = auto;
				SUPPORTED_PLATFORMS = "iphoneos iphonesimulator macosx";
				SWIFT_EMIT_LOC_STRINGS = NO;
				SWIFT_VERSION = 5.0;
				TARGETED_DEVICE_FAMILY = "1,2";
				TEST_HOST = "$(BUILT_PRODUCTS_DIR)/CrowdAvoidanceApp.app/$(BUNDLE_EXECUTABLE_FOLDER_PATH)/CrowdAvoidanceApp";
			};
			name = Debug;
		};
		E5D633702C3CF6FD00B11D05 /* Release */ = {
			isa = XCBuildConfiguration;
			buildSettings = {
				ALWAYS_EMBED_SWIFT_STANDARD_LIBRARIES = YES;
				BUNDLE_LOADER = "$(TEST_HOST)";
				CODE_SIGN_STYLE = Automatic;
				CURRENT_PROJECT_VERSION = 1;
				GENERATE_INFOPLIST_FILE = YES;
				IPHONEOS_DEPLOYMENT_TARGET = 17.4;
				MACOSX_DEPLOYMENT_TARGET = 14.4;
				MARKETING_VERSION = 1.0;
				PRODUCT_BUNDLE_IDENTIFIER = internal.group8.CrowdAvoidanceAppTests;
				PRODUCT_NAME = "$(TARGET_NAME)";
				SDKROOT = auto;
				SUPPORTED_PLATFORMS = "iphoneos iphonesimulator macosx";
				SWIFT_EMIT_LOC_STRINGS = NO;
				SWIFT_VERSION = 5.0;
				TARGETED_DEVICE_FAMILY = "1,2";
				TEST_HOST = "$(BUILT_PRODUCTS_DIR)/CrowdAvoidanceApp.app/$(BUNDLE_EXECUTABLE_FOLDER_PATH)/CrowdAvoidanceApp";
			};
			name = Release;
		};
		E5D633722C3CF6FD00B11D05 /* Debug */ = {
			isa = XCBuildConfiguration;
			buildSettings = {
				ALWAYS_EMBED_SWIFT_STANDARD_LIBRARIES = YES;
				CODE_SIGN_STYLE = Automatic;
				CURRENT_PROJECT_VERSION = 1;
				GENERATE_INFOPLIST_FILE = YES;
				IPHONEOS_DEPLOYMENT_TARGET = 17.4;
				MACOSX_DEPLOYMENT_TARGET = 14.4;
				MARKETING_VERSION = 1.0;
				PRODUCT_BUNDLE_IDENTIFIER = internal.group8.CrowdAvoidanceAppUITests;
				PRODUCT_NAME = "$(TARGET_NAME)";
				SDKROOT = auto;
				SUPPORTED_PLATFORMS = "iphoneos iphonesimulator macosx";
				SWIFT_EMIT_LOC_STRINGS = NO;
				SWIFT_VERSION = 5.0;
				TARGETED_DEVICE_FAMILY = "1,2";
				TEST_TARGET_NAME = CrowdAvoidanceApp;
			};
			name = Debug;
		};
		E5D633732C3CF6FD00B11D05 /* Release */ = {
			isa = XCBuildConfiguration;
			buildSettings = {
				ALWAYS_EMBED_SWIFT_STANDARD_LIBRARIES = YES;
				CODE_SIGN_STYLE = Automatic;
				CURRENT_PROJECT_VERSION = 1;
				GENERATE_INFOPLIST_FILE = YES;
				IPHONEOS_DEPLOYMENT_TARGET = 17.4;
				MACOSX_DEPLOYMENT_TARGET = 14.4;
				MARKETING_VERSION = 1.0;
				PRODUCT_BUNDLE_IDENTIFIER = internal.group8.CrowdAvoidanceAppUITests;
				PRODUCT_NAME = "$(TARGET_NAME)";
				SDKROOT = auto;
				SUPPORTED_PLATFORMS = "iphoneos iphonesimulator macosx";
				SWIFT_EMIT_LOC_STRINGS = NO;
				SWIFT_VERSION = 5.0;
				TARGETED_DEVICE_FAMILY = "1,2";
				TEST_TARGET_NAME = CrowdAvoidanceApp;
			};
			name = Release;
		};
/* End XCBuildConfiguration section */

/* Begin XCConfigurationList section */
		E5D633412C3CF6F600B11D05 /* Build configuration list for PBXProject "CrowdAvoidanceApp" */ = {
			isa = XCConfigurationList;
			buildConfigurations = (
				E5D633692C3CF6FD00B11D05 /* Debug */,
				E5D6336A2C3CF6FD00B11D05 /* Release */,
			);
			defaultConfigurationIsVisible = 0;
			defaultConfigurationName = Release;
		};
		E5D6336B2C3CF6FD00B11D05 /* Build configuration list for PBXNativeTarget "CrowdAvoidanceApp" */ = {
			isa = XCConfigurationList;
			buildConfigurations = (
				E5D6336C2C3CF6FD00B11D05 /* Debug */,
				E5D6336D2C3CF6FD00B11D05 /* Release */,
			);
			defaultConfigurationIsVisible = 0;
			defaultConfigurationName = Release;
		};
		E5D6336E2C3CF6FD00B11D05 /* Build configuration list for PBXNativeTarget "CrowdAvoidanceAppTests" */ = {
			isa = XCConfigurationList;
			buildConfigurations = (
				E5D6336F2C3CF6FD00B11D05 /* Debug */,
				E5D633702C3CF6FD00B11D05 /* Release */,
			);
			defaultConfigurationIsVisible = 0;
			defaultConfigurationName = Release;
		};
		E5D633712C3CF6FD00B11D05 /* Build configuration list for PBXNativeTarget "CrowdAvoidanceAppUITests" */ = {
			isa = XCConfigurationList;
			buildConfigurations = (
				E5D633722C3CF6FD00B11D05 /* Debug */,
				E5D633732C3CF6FD00B11D05 /* Release */,
			);
			defaultConfigurationIsVisible = 0;
			defaultConfigurationName = Release;
		};
/* End XCConfigurationList section */
	};
	rootObject = E5D6333E2C3CF6F600B11D05 /* Project object */;
}
